
Microsoft Visual Studio Solution File, Format Version 12.00
# Visual Studio Version 16
VisualStudioVersion = 16.0.29926.136
MinimumVisualStudioVersion = 10.0.40219.1
Project("{FAE04EC0-301F-11D3-BF4B-00C04F79EFBC}") = "DropOverPanel", "DropOverPanel\DropOverPanel.csproj", "{40089309-47D0-4E52-8BB2-D46B7A6FC4EB}"
EndProject
Project("{FAE04EC0-301F-11D3-BF4B-00C04F79EFBC}") = "DropOverPanelDemo", "DropOverPanelDemo\DropOverPanelDemo.csproj", "{9FDB76C0-0330-4049-A873-27AF7E5B66EB}"
EndProject
Global
	GlobalSection(SolutionConfigurationPlatforms) = preSolution
		Debug|Any CPU = Debug|Any CPU
		Release|Any CPU = Release|Any CPU
	EndGlobalSection
	GlobalSection(ProjectConfigurationPlatforms) = postSolution
		{40089309-47D0-4E52-8BB2-D46B7A6FC4EB}.Debug|Any CPU.ActiveCfg = Debug|Any CPU
		{40089309-47D0-4E52-8BB2-D46B7A6FC4EB}.Debug|Any CPU.Build.0 = Debug|Any CPU
		{40089309-47D0-4E52-8BB2-D46B7A6FC4EB}.Release|Any CPU.ActiveCfg = Release|Any CPU
		{40089309-47D0-4E52-8BB2-D46B7A6FC4EB}.Release|Any CPU.Build.0 = Release|Any CPU
		{9FDB76C0-0330-4049-A873-27AF7E5B66EB}.Debug|Any CPU.ActiveCfg = Debug|Any CPU
		{9FDB76C0-0330-4049-A873-27AF7E5B66EB}.Debug|Any CPU.Build.0 = Debug|Any CPU
		{9FDB76C0-0330-4049-A873-27AF7E5B66EB}.Release|Any CPU.ActiveCfg = Release|Any CPU
		{9FDB76C0-0330-4049-A873-27AF7E5B66EB}.Release|Any CPU.Build.0 = Release|Any CPU
	EndGlobalSection
	GlobalSection(SolutionProperties) = preSolution
		HideSolutionNode = FALSE
	EndGlobalSection
	GlobalSection(ExtensibilityGlobals) = postSolution
		SolutionGuid = {B3AEA0E4-F951-44AD-8076-EF464A741699}
	EndGlobalSection
EndGlobal
